
Microsoft Visual Studio Solution File, Format Version 12.00
Project("{FAE04EC0-301F-11D3-BF4B-00C04F79EFBC}") = "Advent2", "Advent2\Advent2.csproj", "{3453FD02-7B94-47C2-8D2F-9E1843C76CC1}"
EndProject
Project("{FAE04EC0-301F-11D3-BF4B-00C04F79EFBC}") = "TestProject1", "TestProject1\TestProject1.csproj", "{B6ABAD80-3FAA-4B59-AE73-E891FA3B12A5}"
EndProject
Global
	GlobalSection(SolutionConfigurationPlatforms) = preSolution
		Debug|Any CPU = Debug|Any CPU
		Release|Any CPU = Release|Any CPU
	EndGlobalSection
	GlobalSection(ProjectConfigurationPlatforms) = postSolution
		{3453FD02-7B94-47C2-8D2F-9E1843C76CC1}.Debug|Any CPU.ActiveCfg = Debug|Any CPU
		{3453FD02-7B94-47C2-8D2F-9E1843C76CC1}.Debug|Any CPU.Build.0 = Debug|Any CPU
		{3453FD02-7B94-47C2-8D2F-9E1843C76CC1}.Release|Any CPU.ActiveCfg = Release|Any CPU
		{3453FD02-7B94-47C2-8D2F-9E1843C76CC1}.Release|Any CPU.Build.0 = Release|Any CPU
		{B6ABAD80-3FAA-4B59-AE73-E891FA3B12A5}.Debug|Any CPU.ActiveCfg = Debug|Any CPU
		{B6ABAD80-3FAA-4B59-AE73-E891FA3B12A5}.Debug|Any CPU.Build.0 = Debug|Any CPU
		{B6ABAD80-3FAA-4B59-AE73-E891FA3B12A5}.Release|Any CPU.ActiveCfg = Release|Any CPU
		{B6ABAD80-3FAA-4B59-AE73-E891FA3B12A5}.Release|Any CPU.Build.0 = Release|Any CPU
	EndGlobalSection
EndGlobal
